
Microsoft Visual Studio Solution File, Format Version 12.00
# Visual Studio Version 17
VisualStudioVersion = 17.12.35707.178
MinimumVisualStudioVersion = 10.0.40219.1
Project("{FAE04EC0-301F-11D3-BF4B-00C04F79EFBC}") = "Keri.RestTransport", "Keri.RestTransport\Keri.RestTransport.csproj", "{FDE58B4C-D608-4412-AB9B-07E91748C174}"
EndProject
Project("{FAE04EC0-301F-11D3-BF4B-00C04F79EFBC}") = "Keri.Files", "Keri.Files\Keri.Files.csproj", "{FB7502DF-C1CE-4F76-8B28-B68035F8A7FE}"
EndProject
Project("{FAE04EC0-301F-11D3-BF4B-00C04F79EFBC}") = "Keri.Mail", "Keri.Mail\Keri.Mail.csproj", "{57D39385-1A40-435D-847D-DFAEED0FAA7E}"
EndProject
Project("{FAE04EC0-301F-11D3-BF4B-00C04F79EFBC}") = "Keri.Epicor", "Keri.Epicor\Keri.Epicor.csproj", "{B3F0BB2A-2325-4177-A8E0-462A86FBBB66}"
EndProject
Project("{FAE04EC0-301F-11D3-BF4B-00C04F79EFBC}") = "KeriDemo", "KeriDemo\KeriDemo.csproj", "{1E3836B0-940C-4E6F-813D-9F447FB47C0D}"
EndProject
Project("{FAE04EC0-301F-11D3-BF4B-00C04F79EFBC}") = "KineticRESTIntegrator.Tests", "KineticRESTIntegrator.Tests\KineticRESTIntegrator.Tests.csproj", "{D551556D-5772-4C7D-9C9C-05279CBC3E3C}"
EndProject
Project("{FAE04EC0-301F-11D3-BF4B-00C04F79EFBC}") = "KeriPocs", "KeriPocs\KeriPocs.csproj", "{437B1801-59B8-4B87-9725-035053D3724E}"
EndProject
Project("{FAE04EC0-301F-11D3-BF4B-00C04F79EFBC}") = "KeriConfigurator", "KeriConfigurator\KeriConfigurator.csproj", "{3AD2BFD9-D816-4648-9F91-F0B31CD8D172}"
EndProject
Global
	GlobalSection(SolutionConfigurationPlatforms) = preSolution
		Debug|Any CPU = Debug|Any CPU
		Release|Any CPU = Release|Any CPU
	EndGlobalSection
	GlobalSection(ProjectConfigurationPlatforms) = postSolution
		{FDE58B4C-D608-4412-AB9B-07E91748C174}.Debug|Any CPU.ActiveCfg = Debug|Any CPU
		{FDE58B4C-D608-4412-AB9B-07E91748C174}.Debug|Any CPU.Build.0 = Debug|Any CPU
		{FDE58B4C-D608-4412-AB9B-07E91748C174}.Release|Any CPU.ActiveCfg = Release|Any CPU
		{FDE58B4C-D608-4412-AB9B-07E91748C174}.Release|Any CPU.Build.0 = Release|Any CPU
		{FB7502DF-C1CE-4F76-8B28-B68035F8A7FE}.Debug|Any CPU.ActiveCfg = Debug|Any CPU
		{FB7502DF-C1CE-4F76-8B28-B68035F8A7FE}.Debug|Any CPU.Build.0 = Debug|Any CPU
		{FB7502DF-C1CE-4F76-8B28-B68035F8A7FE}.Release|Any CPU.ActiveCfg = Release|Any CPU
		{FB7502DF-C1CE-4F76-8B28-B68035F8A7FE}.Release|Any CPU.Build.0 = Release|Any CPU
		{57D39385-1A40-435D-847D-DFAEED0FAA7E}.Debug|Any CPU.ActiveCfg = Debug|Any CPU
		{57D39385-1A40-435D-847D-DFAEED0FAA7E}.Debug|Any CPU.Build.0 = Debug|Any CPU
		{57D39385-1A40-435D-847D-DFAEED0FAA7E}.Release|Any CPU.ActiveCfg = Release|Any CPU
		{57D39385-1A40-435D-847D-DFAEED0FAA7E}.Release|Any CPU.Build.0 = Release|Any CPU
		{B3F0BB2A-2325-4177-A8E0-462A86FBBB66}.Debug|Any CPU.ActiveCfg = Debug|Any CPU
		{B3F0BB2A-2325-4177-A8E0-462A86FBBB66}.Debug|Any CPU.Build.0 = Debug|Any CPU
		{B3F0BB2A-2325-4177-A8E0-462A86FBBB66}.Release|Any CPU.ActiveCfg = Release|Any CPU
		{B3F0BB2A-2325-4177-A8E0-462A86FBBB66}.Release|Any CPU.Build.0 = Release|Any CPU
		{1E3836B0-940C-4E6F-813D-9F447FB47C0D}.Debug|Any CPU.ActiveCfg = Debug|Any CPU
		{1E3836B0-940C-4E6F-813D-9F447FB47C0D}.Debug|Any CPU.Build.0 = Debug|Any CPU
		{1E3836B0-940C-4E6F-813D-9F447FB47C0D}.Release|Any CPU.ActiveCfg = Release|Any CPU
		{1E3836B0-940C-4E6F-813D-9F447FB47C0D}.Release|Any CPU.Build.0 = Release|Any CPU
		{D551556D-5772-4C7D-9C9C-05279CBC3E3C}.Debug|Any CPU.ActiveCfg = Debug|Any CPU
		{D551556D-5772-4C7D-9C9C-05279CBC3E3C}.Debug|Any CPU.Build.0 = Debug|Any CPU
		{D551556D-5772-4C7D-9C9C-05279CBC3E3C}.Release|Any CPU.ActiveCfg = Release|Any CPU
		{D551556D-5772-4C7D-9C9C-05279CBC3E3C}.Release|Any CPU.Build.0 = Release|Any CPU
		{437B1801-59B8-4B87-9725-035053D3724E}.Debug|Any CPU.ActiveCfg = Debug|Any CPU
		{437B1801-59B8-4B87-9725-035053D3724E}.Debug|Any CPU.Build.0 = Debug|Any CPU
		{437B1801-59B8-4B87-9725-035053D3724E}.Release|Any CPU.ActiveCfg = Release|Any CPU
		{437B1801-59B8-4B87-9725-035053D3724E}.Release|Any CPU.Build.0 = Release|Any CPU
		{3AD2BFD9-D816-4648-9F91-F0B31CD8D172}.Debug|Any CPU.ActiveCfg = Debug|Any CPU
		{3AD2BFD9-D816-4648-9F91-F0B31CD8D172}.Debug|Any CPU.Build.0 = Debug|Any CPU
		{3AD2BFD9-D816-4648-9F91-F0B31CD8D172}.Release|Any CPU.ActiveCfg = Release|Any CPU
		{3AD2BFD9-D816-4648-9F91-F0B31CD8D172}.Release|Any CPU.Build.0 = Release|Any CPU
	EndGlobalSection
	GlobalSection(SolutionProperties) = preSolution
		HideSolutionNode = FALSE
	EndGlobalSection
EndGlobal
